github.com/Wifx/gonetworkmanager/v3 v3.0.0 h1:NBemr7aUazAKSQ6dEGzLcVJ00UT6U0b/iTgecOdUo1M=
github.com/Wifx/gonetworkmanager/v3 v3.0.0/go.mod h1:JPAftRDTjp5o37GNOYytCzerFU8ZjudV/jC/g41kvHE=
github.com/godbus/dbus/v5 v5.1.0 h1:4KLkAxT3aOY8Li4FRJe/KvhoNFFxo0m6fNuFUO8QJUk=
github.com/godbus/dbus/v5 v5.1.0/go.mod h1:xhWf0FNVPg57R7Z0UbKHbJfkEywrmjJnf7w5xrFpKfA=
github.com/google/uuid v1.6.0/go.mod h1:TIyPZe4MgqvfeYDBFedMoGGpEw/LqOeaOT+nhxU+yHo=
